
Microsoft Visual Studio Solution File, Format Version 12.00
# Visual Studio Version 17
VisualStudioVersion = 17.13.35913.81
MinimumVisualStudioVersion = 10.0.40219.1
Project("{FAE04EC0-301F-11D3-BF4B-00C04F79EFBC}") = "UltimateGuide", "UltimateGuide\UltimateGuide.csproj", "{2BF2664D-21ED-4E17-B778-B7CFABAA96C9}"
EndProject
Project("{FAE04EC0-301F-11D3-BF4B-00C04F79EFBC}") = "Services", "Services\Services.csproj", "{60D438D1-F60A-42B3-9C4E-C8BC413498C3}"
EndProject
Project("{FAE04EC0-301F-11D3-BF4B-00C04F79EFBC}") = "ServiceContracts", "ServiceContracts\ServiceContracts.csproj", "{625ACB40-1B61-422B-8B10-C5C4213CD869}"
EndProject
Global
	GlobalSection(SolutionConfigurationPlatforms) = preSolution
		Debug|Any CPU = Debug|Any CPU
		Release|Any CPU = Release|Any CPU
	EndGlobalSection
	GlobalSection(ProjectConfigurationPlatforms) = postSolution
		{2BF2664D-21ED-4E17-B778-B7CFABAA96C9}.Debug|Any CPU.ActiveCfg = Debug|Any CPU
		{2BF2664D-21ED-4E17-B778-B7CFABAA96C9}.Debug|Any CPU.Build.0 = Debug|Any CPU
		{2BF2664D-21ED-4E17-B778-B7CFABAA96C9}.Release|Any CPU.ActiveCfg = Release|Any CPU
		{2BF2664D-21ED-4E17-B778-B7CFABAA96C9}.Release|Any CPU.Build.0 = Release|Any CPU
		{60D438D1-F60A-42B3-9C4E-C8BC413498C3}.Debug|Any CPU.ActiveCfg = Debug|Any CPU
		{60D438D1-F60A-42B3-9C4E-C8BC413498C3}.Debug|Any CPU.Build.0 = Debug|Any CPU
		{60D438D1-F60A-42B3-9C4E-C8BC413498C3}.Release|Any CPU.ActiveCfg = Release|Any CPU
		{60D438D1-F60A-42B3-9C4E-C8BC413498C3}.Release|Any CPU.Build.0 = Release|Any CPU
		{625ACB40-1B61-422B-8B10-C5C4213CD869}.Debug|Any CPU.ActiveCfg = Debug|Any CPU
		{625ACB40-1B61-422B-8B10-C5C4213CD869}.Debug|Any CPU.Build.0 = Debug|Any CPU
		{625ACB40-1B61-422B-8B10-C5C4213CD869}.Release|Any CPU.ActiveCfg = Release|Any CPU
		{625ACB40-1B61-422B-8B10-C5C4213CD869}.Release|Any CPU.Build.0 = Release|Any CPU
	EndGlobalSection
	GlobalSection(SolutionProperties) = preSolution
		HideSolutionNode = FALSE
	EndGlobalSection
	GlobalSection(ExtensibilityGlobals) = postSolution
		SolutionGuid = {0050673B-BE6C-4EF2-BAE3-FC2C59581A32}
	EndGlobalSection
EndGlobal
